
Microsoft Visual Studio Solution File, Format Version 12.00
# Visual Studio Version 17
VisualStudioVersion = 17.8.34511.84
MinimumVisualStudioVersion = 10.0.40219.1
Project("{9A19103F-16F7-4668-BE54-9A1E7A4F7556}") = "Tariff_Provider", "Tariff_Provider\Tariff_Provider.csproj", "{8E5961B0-B8C4-480B-A8B5-FFB819CC4639}"
EndProject
Project("{FAE04EC0-301F-11D3-BF4B-00C04F79EFBC}") = "Tariff_Provider_API", "Tariff_Provider_API\Tariff_Provider_API.csproj", "{3DB6DE49-0570-4A0B-A585-9486B1ADD87F}"
EndProject
Global
	GlobalSection(SolutionConfigurationPlatforms) = preSolution
		Debug|Any CPU = Debug|Any CPU
		Release|Any CPU = Release|Any CPU
	EndGlobalSection
	GlobalSection(ProjectConfigurationPlatforms) = postSolution
		{8E5961B0-B8C4-480B-A8B5-FFB819CC4639}.Debug|Any CPU.ActiveCfg = Debug|Any CPU
		{8E5961B0-B8C4-480B-A8B5-FFB819CC4639}.Debug|Any CPU.Build.0 = Debug|Any CPU
		{8E5961B0-B8C4-480B-A8B5-FFB819CC4639}.Release|Any CPU.ActiveCfg = Release|Any CPU
		{8E5961B0-B8C4-480B-A8B5-FFB819CC4639}.Release|Any CPU.Build.0 = Release|Any CPU
		{3DB6DE49-0570-4A0B-A585-9486B1ADD87F}.Debug|Any CPU.ActiveCfg = Debug|Any CPU
		{3DB6DE49-0570-4A0B-A585-9486B1ADD87F}.Debug|Any CPU.Build.0 = Debug|Any CPU
		{3DB6DE49-0570-4A0B-A585-9486B1ADD87F}.Release|Any CPU.ActiveCfg = Release|Any CPU
		{3DB6DE49-0570-4A0B-A585-9486B1ADD87F}.Release|Any CPU.Build.0 = Release|Any CPU
	EndGlobalSection
	GlobalSection(SolutionProperties) = preSolution
		HideSolutionNode = FALSE
	EndGlobalSection
	GlobalSection(ExtensibilityGlobals) = postSolution
		SolutionGuid = {1EAD7722-EA1C-4588-B73A-0C147C961727}
	EndGlobalSection
EndGlobal
